
Microsoft Visual Studio Solution File, Format Version 12.00
# Visual Studio Version 17
VisualStudioVersion = 17.8.34525.116
MinimumVisualStudioVersion = 10.0.40219.1
Project("{9A19103F-16F7-4668-BE54-9A1E7A4F7556}") = "Product_API_Version_6", "Product_API_Version_6.csproj", "{071ADD4D-3DF6-4BBD-9FA6-716534DC65B8}"
EndProject
Global
	GlobalSection(SolutionConfigurationPlatforms) = preSolution
		Debug|Any CPU = Debug|Any CPU
		Release|Any CPU = Release|Any CPU
	EndGlobalSection
	GlobalSection(ProjectConfigurationPlatforms) = postSolution
		{071ADD4D-3DF6-4BBD-9FA6-716534DC65B8}.Debug|Any CPU.ActiveCfg = Debug|Any CPU
		{071ADD4D-3DF6-4BBD-9FA6-716534DC65B8}.Debug|Any CPU.Build.0 = Debug|Any CPU
		{071ADD4D-3DF6-4BBD-9FA6-716534DC65B8}.Release|Any CPU.ActiveCfg = Release|Any CPU
		{071ADD4D-3DF6-4BBD-9FA6-716534DC65B8}.Release|Any CPU.Build.0 = Release|Any CPU
	EndGlobalSection
	GlobalSection(SolutionProperties) = preSolution
		HideSolutionNode = FALSE
	EndGlobalSection
	GlobalSection(ExtensibilityGlobals) = postSolution
		SolutionGuid = {D1B6B763-5EAD-4E1C-B1CD-B07F4AAF8BA5}
	EndGlobalSection
EndGlobal
